
Microsoft Visual Studio Solution File, Format Version 12.00
# Visual Studio Version 17
VisualStudioVersion = 17.4.33213.308
MinimumVisualStudioVersion = 10.0.40219.1
Project("{FAE04EC0-301F-11D3-BF4B-00C04F79EFBC}") = "btl.NET", "btl.NET.csproj", "{A75576EA-CE55-4302-9875-F25042CED334}"
EndProject
Global
	GlobalSection(SolutionConfigurationPlatforms) = preSolution
		Debug|Any CPU = Debug|Any CPU
		Release|Any CPU = Release|Any CPU
	EndGlobalSection
	GlobalSection(ProjectConfigurationPlatforms) = postSolution
		{A75576EA-CE55-4302-9875-F25042CED334}.Debug|Any CPU.ActiveCfg = Debug|Any CPU
		{A75576EA-CE55-4302-9875-F25042CED334}.Debug|Any CPU.Build.0 = Debug|Any CPU
		{A75576EA-CE55-4302-9875-F25042CED334}.Release|Any CPU.ActiveCfg = Release|Any CPU
		{A75576EA-CE55-4302-9875-F25042CED334}.Release|Any CPU.Build.0 = Release|Any CPU
	EndGlobalSection
	GlobalSection(SolutionProperties) = preSolution
		HideSolutionNode = FALSE
	EndGlobalSection
	GlobalSection(ExtensibilityGlobals) = postSolution
		SolutionGuid = {3174782A-AAC1-42EA-A2B3-50A4B8A576A0}
	EndGlobalSection
EndGlobal
